
Microsoft Visual Studio Solution File, Format Version 12.00
# Visual Studio Version 17
VisualStudioVersion = 17.5.33414.496
MinimumVisualStudioVersion = 10.0.40219.1
Project("{FAE04EC0-301F-11D3-BF4B-00C04F79EFBC}") = "LearningDotNet1", "LearningDotNet1\LearningDotNet1.csproj", "{0B2ED371-B6A0-4C3B-82B1-B3DF6E3F5EA5}"
EndProject
Global
	GlobalSection(SolutionConfigurationPlatforms) = preSolution
		Debug|Any CPU = Debug|Any CPU
		Release|Any CPU = Release|Any CPU
	EndGlobalSection
	GlobalSection(ProjectConfigurationPlatforms) = postSolution
		{0B2ED371-B6A0-4C3B-82B1-B3DF6E3F5EA5}.Debug|Any CPU.ActiveCfg = Debug|Any CPU
		{0B2ED371-B6A0-4C3B-82B1-B3DF6E3F5EA5}.Debug|Any CPU.Build.0 = Debug|Any CPU
		{0B2ED371-B6A0-4C3B-82B1-B3DF6E3F5EA5}.Release|Any CPU.ActiveCfg = Release|Any CPU
		{0B2ED371-B6A0-4C3B-82B1-B3DF6E3F5EA5}.Release|Any CPU.Build.0 = Release|Any CPU
	EndGlobalSection
	GlobalSection(SolutionProperties) = preSolution
		HideSolutionNode = FALSE
	EndGlobalSection
	GlobalSection(ExtensibilityGlobals) = postSolution
		SolutionGuid = {C645D465-EFB1-4566-8B20-521475DAD5F7}
	EndGlobalSection
EndGlobal
